// !$*UTF8*$!
{
	archiveVersion = 1;
	classes = {
	};
	objectVersion = 50;
	objects = {

/* Begin PBXBuildFile section */
		619EF95823FA9D7800F9EB17 /* AppDelegate.swift in Sources */ = {isa = PBXBuildFile; fileRef = 619EF95723FA9D7800F9EB17 /* AppDelegate.swift */; };
		619EF95A23FA9D7800F9EB17 /* SceneDelegate.swift in Sources */ = {isa = PBXBuildFile; fileRef = 619EF95923FA9D7800F9EB17 /* SceneDelegate.swift */; };
		619EF95C23FA9D7800F9EB17 /* ContentView.swift in Sources */ = {isa = PBXBuildFile; fileRef = 619EF95B23FA9D7800F9EB17 /* ContentView.swift */; };
		619EF95E23FA9D7800F9EB17 /* Assets.xcassets in Resources */ = {isa = PBXBuildFile; fileRef = 619EF95D23FA9D7800F9EB17 /* Assets.xcassets */; };
		619EF96123FA9D7800F9EB17 /* Preview Assets.xcassets in Resources */ = {isa = PBXBuildFile; fileRef = 619EF96023FA9D7800F9EB17 /* Preview Assets.xcassets */; };
		619EF96423FA9D7800F9EB17 /* LaunchScreen.storyboard in Resources */ = {isa = PBXBuildFile; fileRef = 619EF96223FA9D7800F9EB17 /* LaunchScreen.storyboard */; };
		619EF96F23FA9D7900F9EB17 /* DeskClockTests.swift in Sources */ = {isa = PBXBuildFile; fileRef = 619EF96E23FA9D7900F9EB17 /* DeskClockTests.swift */; };
/* End PBXBuildFile section */

/* Begin PBXContainerItemProxy section */
		619EF96B23FA9D7900F9EB17 /* PBXContainerItemProxy */ = {
			isa = PBXContainerItemProxy;
			containerPortal = 619EF94C23FA9D7800F9EB17 /* Project object */;
			proxyType = 1;
			remoteGlobalIDString = 619EF95323FA9D7800F9EB17;
			remoteInfo = DeskClock;
		};
/* End PBXContainerItemProxy section */

/* Begin PBXFileReference section */
		619EF95423FA9D7800F9EB17 /* DeskClock.app */ = {isa = PBXFileReference; explicitFileType = wrapper.application; includeInIndex = 0; path = DeskClock.app; sourceTree = BUILT_PRODUCTS_DIR; };
		619EF95723FA9D7800F9EB17 /* AppDelegate.swift */ = {isa = PBXFileReference; lastKnownFileType = sourcecode.swift; path = AppDelegate.swift; sourceTree = "<group>"; };
		619EF95923FA9D7800F9EB17 /* SceneDelegate.swift */ = {isa = PBXFileReference; lastKnownFileType = sourcecode.swift; path = SceneDelegate.swift; sourceTree = "<group>"; };
		619EF95B23FA9D7800F9EB17 /* ContentView.swift */ = {isa = PBXFileReference; lastKnownFileType = sourcecode.swift; path = ContentView.swift; sourceTree = "<group>"; };
		619EF95D23FA9D7800F9EB17 /* Assets.xcassets */ = {isa = PBXFileReference; lastKnownFileType = folder.assetcatalog; path = Assets.xcassets; sourceTree = "<group>"; };
		619EF96023FA9D7800F9EB17 /* Preview Assets.xcassets */ = {isa = PBXFileReference; lastKnownFileType = folder.assetcatalog; path = "Preview Assets.xcassets"; sourceTree = "<group>"; };
		619EF96323FA9D7800F9EB17 /* Base */ = {isa = PBXFileReference; lastKnownFileType = file.storyboard; name = Base; path = Base.lproj/LaunchScreen.storyboard; sourceTree = "<group>"; };
		619EF96523FA9D7800F9EB17 /* Info.plist */ = {isa = PBXFileReference; lastKnownFileType = text.plist.xml; path = Info.plist; sourceTree = "<group>"; };
		619EF96A23FA9D7900F9EB17 /* DeskClockTests.xctest */ = {isa = PBXFileReference; explicitFileType = wrapper.cfbundle; includeInIndex = 0; path = DeskClockTests.xctest; sourceTree = BUILT_PRODUCTS_DIR; };
		619EF96E23FA9D7900F9EB17 /* DeskClockTests.swift */ = {isa = PBXFileReference; lastKnownFileType = sourcecode.swift; path = DeskClockTests.swift; sourceTree = "<group>"; };
		619EF97023FA9D7900F9EB17 /* Info.plist */ = {isa = PBXFileReference; lastKnownFileType = text.plist.xml; path = Info.plist; sourceTree = "<group>"; };
/* End PBXFileReference section */

/* Begin PBXFrameworksBuildPhase section */
		619EF95123FA9D7800F9EB17 /* Frameworks */ = {
			isa = PBXFrameworksBuildPhase;
			buildActionMask = 2147483647;
			files = (
			);
			runOnlyForDeploymentPostprocessing = 0;
		};
		619EF96723FA9D7900F9EB17 /* Frameworks */ = {
			isa = PBXFrameworksBuildPhase;
			buildActionMask = 2147483647;
			files = (
			);
			runOnlyForDeploymentPostprocessing = 0;
		};
/* End PBXFrameworksBuildPhase section */

/* Begin PBXGroup section */
		619EF94B23FA9D7800F9EB17 = {
			isa = PBXGroup;
			children = (
				619EF95623FA9D7800F9EB17 /* DeskClock */,
				619EF96D23FA9D7900F9EB17 /* DeskClockTests */,
				619EF95523FA9D7800F9EB17 /* Products */,
			);
			sourceTree = "<group>";
		};
		619EF95523FA9D7800F9EB17 /* Products */ = {
			isa = PBXGroup;
			children = (
				619EF95423FA9D7800F9EB17 /* DeskClock.app */,
				619EF96A23FA9D7900F9EB17 /* DeskClockTests.xctest */,
			);
			name = Products;
			sourceTree = "<group>";
		};
		619EF95623FA9D7800F9EB17 /* DeskClock */ = {
			isa = PBXGroup;
			children = (
				619EF95723FA9D7800F9EB17 /* AppDelegate.swift */,
				619EF95923FA9D7800F9EB17 /* SceneDelegate.swift */,
				619EF95B23FA9D7800F9EB17 /* ContentView.swift */,
				619EF95D23FA9D7800F9EB17 /* Assets.xcassets */,
				619EF96223FA9D7800F9EB17 /* LaunchScreen.storyboard */,
				619EF96523FA9D7800F9EB17 /* Info.plist */,
				619EF95F23FA9D7800F9EB17 /* Preview Content */,
			);
			path = DeskClock;
			sourceTree = "<group>";
		};
		619EF95F23FA9D7800F9EB17 /* Preview Content */ = {
			isa = PBXGroup;
			children = (
				619EF96023FA9D7800F9EB17 /* Preview Assets.xcassets */,
			);
			path = "Preview Content";
			sourceTree = "<group>";
		};
		619EF96D23FA9D7900F9EB17 /* DeskClockTests */ = {
			isa = PBXGroup;
			children = (
				619EF96E23FA9D7900F9EB17 /* DeskClockTests.swift */,
				619EF97023FA9D7900F9EB17 /* Info.plist */,
			);
			path = DeskClockTests;
			sourceTree = "<group>";
		};
/* End PBXGroup section */

/* Begin PBXNativeTarget section */
		619EF95323FA9D7800F9EB17 /* DeskClock */ = {
			isa = PBXNativeTarget;
			buildConfigurationList = 619EF97323FA9D7900F9EB17 /* Build configuration list for PBXNativeTarget "DeskClock" */;
			buildPhases = (
				619EF95023FA9D7800F9EB17 /* Sources */,
				619EF95123FA9D7800F9EB17 /* Frameworks */,
				619EF95223FA9D7800F9EB17 /* Resources */,
			);
			buildRules = (
			);
			dependencies = (
			);
			name = DeskClock;
			productName = DeskClock;
			productReference = 619EF95423FA9D7800F9EB17 /* DeskClock.app */;
			productType = "com.apple.product-type.application";
		};
		619EF96923FA9D7900F9EB17 /* DeskClockTests */ = {
			isa = PBXNativeTarget;
			buildConfigurationList = 619EF97623FA9D7900F9EB17 /* Build configuration list for PBXNativeTarget "DeskClockTests" */;
			buildPhases = (
				619EF96623FA9D7900F9EB17 /* Sources */,
				619EF96723FA9D7900F9EB17 /* Frameworks */,
				619EF96823FA9D7900F9EB17 /* Resources */,
			);
			buildRules = (
			);
			dependencies = (
				619EF96C23FA9D7900F9EB17 /* PBXTargetDependency */,
			);
			name = DeskClockTests;
			productName = DeskClockTests;
			productReference = 619EF96A23FA9D7900F9EB17 /* DeskClockTests.xctest */;
			productType = "com.apple.product-type.bundle.unit-test";
		};
/* End PBXNativeTarget section */

/* Begin PBXProject section */
		619EF94C23FA9D7800F9EB17 /* Project object */ = {
			isa = PBXProject;
			attributes = {
				LastSwiftUpdateCheck = 1130;
				LastUpgradeCheck = 1130;
				ORGANIZATIONNAME = "Vincent O'Sullivan";
				TargetAttributes = {
					619EF95323FA9D7800F9EB17 = {
						CreatedOnToolsVersion = 11.3.1;
					};
					619EF96923FA9D7900F9EB17 = {
						CreatedOnToolsVersion = 11.3.1;
						TestTargetID = 619EF95323FA9D7800F9EB17;
					};
				};
			};
			buildConfigurationList = 619EF94F23FA9D7800F9EB17 /* Build configuration list for PBXProject "DeskClock" */;
			compatibilityVersion = "Xcode 9.3";
			developmentRegion = en;
			hasScannedForEncodings = 0;
			knownRegions = (
				en,
				Base,
			);
			mainGroup = 619EF94B23FA9D7800F9EB17;
			productRefGroup = 619EF95523FA9D7800F9EB17 /* Products */;
			projectDirPath = "";
			projectRoot = "";
			targets = (
				619EF95323FA9D7800F9EB17 /* DeskClock */,
				619EF96923FA9D7900F9EB17 /* DeskClockTests */,
			);
		};
/* End PBXProject section */

/* Begin PBXResourcesBuildPhase section */
		619EF95223FA9D7800F9EB17 /* Resources */ = {
			isa = PBXResourcesBuildPhase;
			buildActionMask = 2147483647;
			files = (
				619EF96423FA9D7800F9EB17 /* LaunchScreen.storyboard in Resources */,
				619EF96123FA9D7800F9EB17 /* Preview Assets.xcassets in Resources */,
				619EF95E23FA9D7800F9EB17 /* Assets.xcassets in Resources */,
			);
			runOnlyForDeploymentPostprocessing = 0;
		};
		619EF96823FA9D7900F9EB17 /* Resources */ = {
			isa = PBXResourcesBuildPhase;
			buildActionMask = 2147483647;
			files = (
			);
			runOnlyForDeploymentPostprocessing = 0;
		};
/* End PBXResourcesBuildPhase section */

/* Begin PBXSourcesBuildPhase section */
		619EF95023FA9D7800F9EB17 /* Sources */ = {
			isa = PBXSourcesBuildPhase;
			buildActionMask = 2147483647;
			files = (
				619EF95823FA9D7800F9EB17 /* AppDelegate.swift in Sources */,
				619EF95A23FA9D7800F9EB17 /* SceneDelegate.swift in Sources */,
				619EF95C23FA9D7800F9EB17 /* ContentView.swift in Sources */,
			);
			runOnlyForDeploymentPostprocessing = 0;
		};
		619EF96623FA9D7900F9EB17 /* Sources */ = {
			isa = PBXSourcesBuildPhase;
			buildActionMask = 2147483647;
			files = (
				619EF96F23FA9D7900F9EB17 /* DeskClockTests.swift in Sources */,
			);
			runOnlyForDeploymentPostprocessing = 0;
		};
/* End PBXSourcesBuildPhase section */

/* Begin PBXTargetDependency section */
		619EF96C23FA9D7900F9EB17 /* PBXTargetDependency */ = {
			isa = PBXTargetDependency;
			target = 619EF95323FA9D7800F9EB17 /* DeskClock */;
			targetProxy = 619EF96B23FA9D7900F9EB17 /* PBXContainerItemProxy */;
		};
/* End PBXTargetDependency section */

/* Begin PBXVariantGroup section */
		619EF96223FA9D7800F9EB17 /* LaunchScreen.storyboard */ = {
			isa = PBXVariantGroup;
			children = (
				619EF96323FA9D7800F9EB17 /* Base */,
			);
			name = LaunchScreen.storyboard;
			sourceTree = "<group>";
		};
/* End PBXVariantGroup section */

/* Begin XCBuildConfiguration section */
		619EF97123FA9D7900F9EB17 /* Debug */ = {
			isa = XCBuildConfiguration;
			buildSettings = {
				ALWAYS_SEARCH_USER_PATHS = NO;
				CLANG_ANALYZER_NONNULL = YES;
				CLANG_ANALYZER_NUMBER_OBJECT_CONVERSION = YES_AGGRESSIVE;
				CLANG_CXX_LANGUAGE_STANDARD = "gnu++14";
				CLANG_CXX_LIBRARY = "libc++";
				CLANG_ENABLE_MODULES = YES;
				CLANG_ENABLE_OBJC_ARC = YES;
				CLANG_ENABLE_OBJC_WEAK = YES;
				CLANG_WARN_BLOCK_CAPTURE_AUTORELEASING = YES;
				CLANG_WARN_BOOL_CONVERSION = YES;
				CLANG_WARN_COMMA = YES;
				CLANG_WARN_CONSTANT_CONVERSION = YES;
				CLANG_WARN_DEPRECATED_OBJC_IMPLEMENTATIONS = YES;
				CLANG_WARN_DIRECT_OBJC_ISA_USAGE = YES_ERROR;
				CLANG_WARN_DOCUMENTATION_COMMENTS = YES;
				CLANG_WARN_EMPTY_BODY = YES;
				CLANG_WARN_ENUM_CONVERSION = YES;
				CLANG_WARN_INFINITE_RECURSION = YES;
				CLANG_WARN_INT_CONVERSION = YES;
				CLANG_WARN_NON_LITERAL_NULL_CONVERSION = YES;
				CLANG_WARN_OBJC_IMPLICIT_RETAIN_SELF = YES;
				CLANG_WARN_OBJC_LITERAL_CONVERSION = YES;
				CLANG_WARN_OBJC_ROOT_CLASS = YES_ERROR;
				CLANG_WARN_RANGE_LOOP_ANALYSIS = YES;
				CLANG_WARN_STRICT_PROTOTYPES = YES;
				CLANG_WARN_SUSPICIOUS_MOVE = YES;
				CLANG_WARN_UNGUARDED_AVAILABILITY = YES_AGGRESSIVE;
				CLANG_WARN_UNREACHABLE_CODE = YES;
				CLANG_WARN__DUPLICATE_METHOD_MATCH = YES;
				COPY_PHASE_STRIP = NO;
				DEBUG_INFORMATION_FORMAT = dwarf;
				ENABLE_STRICT_OBJC_MSGSEND = YES;
				ENABLE_TESTABILITY = YES;
				GCC_C_LANGUAGE_STANDARD = gnu11;
				GCC_DYNAMIC_NO_PIC = NO;
				GCC_NO_COMMON_BLOCKS = YES;
				GCC_OPTIMIZATION_LEVEL = 0;
				GCC_PREPROCESSOR_DEFINITIONS = (
					"DEBUG=1",
					"$(inherited)",
				);
				GCC_WARN_64_TO_32_BIT_CONVERSION = YES;
				GCC_WARN_ABOUT_RETURN_TYPE = YES_ERROR;
				GCC_WARN_UNDECLARED_SELECTOR = YES;
				GCC_WARN_UNINITIALIZED_AUTOS = YES_AGGRESSIVE;
				GCC_WARN_UNUSED_FUNCTION = YES;
				GCC_WARN_UNUSED_VARIABLE = YES;
				IPHONEOS_DEPLOYMENT_TARGET = 13.2;
				MTL_ENABLE_DEBUG_INFO = INCLUDE_SOURCE;
				MTL_FAST_MATH = YES;
				ONLY_ACTIVE_ARCH = YES;
				SDKROOT = iphoneos;
				SWIFT_ACTIVE_COMPILATION_CONDITIONS = DEBUG;
				SWIFT_OPTIMIZATION_LEVEL = "-Onone";
			};
			name = Debug;
		};
		619EF97223FA9D7900F9EB17 /* Release */ = {
			isa = XCBuildConfiguration;
			buildSettings = {
				ALWAYS_SEARCH_USER_PATHS = NO;
				CLANG_ANALYZER_NONNULL = YES;
				CLANG_ANALYZER_NUMBER_OBJECT_CONVERSION = YES_AGGRESSIVE;
				CLANG_CXX_LANGUAGE_STANDARD = "gnu++14";
				CLANG_CXX_LIBRARY = "libc++";
				CLANG_ENABLE_MODULES = YES;
				CLANG_ENABLE_OBJC_ARC = YES;
				CLANG_ENABLE_OBJC_WEAK = YES;
				CLANG_WARN_BLOCK_CAPTURE_AUTORELEASING = YES;
				CLANG_WARN_BOOL_CONVERSION = YES;
				CLANG_WARN_COMMA = YES;
				CLANG_WARN_CONSTANT_CONVERSION = YES;
				CLANG_WARN_DEPRECATED_OBJC_IMPLEMENTATIONS = YES;
				CLANG_WARN_DIRECT_OBJC_ISA_USAGE = YES_ERROR;
				CLANG_WARN_DOCUMENTATION_COMMENTS = YES;
				CLANG_WARN_EMPTY_BODY = YES;
				CLANG_WARN_ENUM_CONVERSION = YES;
				CLANG_WARN_INFINITE_RECURSION = YES;
				CLANG_WARN_INT_CONVERSION = YES;
				CLANG_WARN_NON_LITERAL_NULL_CONVERSION = YES;
				CLANG_WARN_OBJC_IMPLICIT_RETAIN_SELF = YES;
				CLANG_WARN_OBJC_LITERAL_CONVERSION = YES;
				CLANG_WARN_OBJC_ROOT_CLASS = YES_ERROR;
				CLANG_WARN_RANGE_LOOP_ANALYSIS = YES;
				CLANG_WARN_STRICT_PROTOTYPES = YES;
				CLANG_WARN_SUSPICIOUS_MOVE = YES;
				CLANG_WARN_UNGUARDED_AVAILABILITY = YES_AGGRESSIVE;
				CLANG_WARN_UNREACHABLE_CODE = YES;
				CLANG_WARN__DUPLICATE_METHOD_MATCH = YES;
				COPY_PHASE_STRIP = NO;
				DEBUG_INFORMATION_FORMAT = "dwarf-with-dsym";
				ENABLE_NS_ASSERTIONS = NO;
				ENABLE_STRICT_OBJC_MSGSEND = YES;
				GCC_C_LANGUAGE_STANDARD = gnu11;
				GCC_NO_COMMON_BLOCKS = YES;
				GCC_WARN_64_TO_32_BIT_CONVERSION = YES;
				GCC_WARN_ABOUT_RETURN_TYPE = YES_ERROR;
				GCC_WARN_UNDECLARED_SELECTOR = YES;
				GCC_WARN_UNINITIALIZED_AUTOS = YES_AGGRESSIVE;
				GCC_WARN_UNUSED_FUNCTION = YES;
				GCC_WARN_UNUSED_VARIABLE = YES;
				IPHONEOS_DEPLOYMENT_TARGET = 13.2;
				MTL_ENABLE_DEBUG_INFO = NO;
				MTL_FAST_MATH = YES;
				SDKROOT = iphoneos;
				SWIFT_COMPILATION_MODE = wholemodule;
				SWIFT_OPTIMIZATION_LEVEL = "-O";
				VALIDATE_PRODUCT = YES;
			};
			name = Release;
		};
		619EF97423FA9D7900F9EB17 /* Debug */ = {
			isa = XCBuildConfiguration;
			buildSettings = {
				ASSETCATALOG_COMPILER_APPICON_NAME = AppIcon;
				CODE_SIGN_STYLE = Automatic;
				DEVELOPMENT_ASSET_PATHS = "\"DeskClock/Preview Content\"";
				DEVELOPMENT_TEAM = 27QRRWZMS6;
				ENABLE_PREVIEWS = YES;
				INFOPLIST_FILE = DeskClock/Info.plist;
				LD_RUNPATH_SEARCH_PATHS = (
					"$(inherited)",
					"@executable_path/Frameworks",
				);
				PRODUCT_BUNDLE_IDENTIFIER = com.vjosullivan.DeskClock;
				PRODUCT_NAME = "$(TARGET_NAME)";
				SWIFT_VERSION = 5.0;
				TARGETED_DEVICE_FAMILY = "1,2";
			};
			name = Debug;
		};
		619EF97523FA9D7900F9EB17 /* Release */ = {
			isa = XCBuildConfiguration;
			buildSettings = {
				ASSETCATALOG_COMPILER_APPICON_NAME = AppIcon;
				CODE_SIGN_STYLE = Automatic;
				DEVELOPMENT_ASSET_PATHS = "\"DeskClock/Preview Content\"";
				DEVELOPMENT_TEAM = 27QRRWZMS6;
				ENABLE_PREVIEWS = YES;
				INFOPLIST_FILE = DeskClock/Info.plist;
				LD_RUNPATH_SEARCH_PATHS = (
					"$(inherited)",
					"@executable_path/Frameworks",
				);
				PRODUCT_BUNDLE_IDENTIFIER = com.vjosullivan.DeskClock;
				PRODUCT_NAME = "$(TARGET_NAME)";
				SWIFT_VERSION = 5.0;
				TARGETED_DEVICE_FAMILY = "1,2";
			};
			name = Release;
		};
		619EF97723FA9D7900F9EB17 /* Debug */ = {
			isa = XCBuildConfiguration;
			buildSettings = {
				ALWAYS_EMBED_SWIFT_STANDARD_LIBRARIES = YES;
				BUNDLE_LOADER = "$(TEST_HOST)";
				CODE_SIGN_STYLE = Automatic;
				DEVELOPMENT_TEAM = 27QRRWZMS6;
				INFOPLIST_FILE = DeskClockTests/Info.plist;
				IPHONEOS_DEPLOYMENT_TARGET = 13.2;
				LD_RUNPATH_SEARCH_PATHS = (
					"$(inherited)",
					"@executable_path/Frameworks",
					"@loader_path/Frameworks",
				);
				PRODUCT_BUNDLE_IDENTIFIER = com.vjosullivan.DeskClockTests;
				PRODUCT_NAME = "$(TARGET_NAME)";
				SWIFT_VERSION = 5.0;
				TARGETED_DEVICE_FAMILY = "1,2";
				TEST_HOST = "$(BUILT_PRODUCTS_DIR)/DeskClock.app/DeskClock";
			};
			name = Debug;
		};
		619EF97823FA9D7900F9EB17 /* Release */ = {
			isa = XCBuildConfiguration;
			buildSettings = {
				ALWAYS_EMBED_SWIFT_STANDARD_LIBRARIES = YES;
				BUNDLE_LOADER = "$(TEST_HOST)";
				CODE_SIGN_STYLE = Automatic;
				DEVELOPMENT_TEAM = 27QRRWZMS6;
				INFOPLIST_FILE = DeskClockTests/Info.plist;
				IPHONEOS_DEPLOYMENT_TARGET = 13.2;
				LD_RUNPATH_SEARCH_PATHS = (
					"$(inherited)",
					"@executable_path/Frameworks",
					"@loader_path/Frameworks",
				);
				PRODUCT_BUNDLE_IDENTIFIER = com.vjosullivan.DeskClockTests;
				PRODUCT_NAME = "$(TARGET_NAME)";
				SWIFT_VERSION = 5.0;
				TARGETED_DEVICE_FAMILY = "1,2";
				TEST_HOST = "$(BUILT_PRODUCTS_DIR)/DeskClock.app/DeskClock";
			};
			name = Release;
		};
/* End XCBuildConfiguration section */

/* Begin XCConfigurationList section */
		619EF94F23FA9D7800F9EB17 /* Build configuration list for PBXProject "DeskClock" */ = {
			isa = XCConfigurationList;
			buildConfigurations = (
				619EF97123FA9D7900F9EB17 /* Debug */,
				619EF97223FA9D7900F9EB17 /* Release */,
			);
			defaultConfigurationIsVisible = 0;
			defaultConfigurationName = Release;
		};
		619EF97323FA9D7900F9EB17 /* Build configuration list for PBXNativeTarget "DeskClock" */ = {
			isa = XCConfigurationList;
			buildConfigurations = (
				619EF97423FA9D7900F9EB17 /* Debug */,
				619EF97523FA9D7900F9EB17 /* Release */,
			);
			defaultConfigurationIsVisible = 0;
			defaultConfigurationName = Release;
		};
		619EF97623FA9D7900F9EB17 /* Build configuration list for PBXNativeTarget "DeskClockTests" */ = {
			isa = XCConfigurationList;
			buildConfigurations = (
				619EF97723FA9D7900F9EB17 /* Debug */,
				619EF97823FA9D7900F9EB17 /* Release */,
			);
			defaultConfigurationIsVisible = 0;
			defaultConfigurationName = Release;
		};
/* End XCConfigurationList section */
	};
	rootObject = 619EF94C23FA9D7800F9EB17 /* Project object */;
}
